
Microsoft Visual Studio Solution File, Format Version 12.00
# Visual Studio 15
VisualStudioVersion = 15.0.27428.2015
MinimumVisualStudioVersion = 10.0.40219.1
Project("{FAE04EC0-301F-11D3-BF4B-00C04F79EFBC}") = "Kenzor Compiler", "Kenzor Compiler\Kenzor Compiler.csproj", "{4E9FF9F7-A0FB-4660-9F71-D90ACB4D3E1A}"
EndProject
Global
	GlobalSection(SolutionConfigurationPlatforms) = preSolution
		Debug|Any CPU = Debug|Any CPU
		Release|Any CPU = Release|Any CPU
	EndGlobalSection
	GlobalSection(ProjectConfigurationPlatforms) = postSolution
		{4E9FF9F7-A0FB-4660-9F71-D90ACB4D3E1A}.Debug|Any CPU.ActiveCfg = Debug|Any CPU
		{4E9FF9F7-A0FB-4660-9F71-D90ACB4D3E1A}.Debug|Any CPU.Build.0 = Debug|Any CPU
		{4E9FF9F7-A0FB-4660-9F71-D90ACB4D3E1A}.Release|Any CPU.ActiveCfg = Release|Any CPU
		{4E9FF9F7-A0FB-4660-9F71-D90ACB4D3E1A}.Release|Any CPU.Build.0 = Release|Any CPU
	EndGlobalSection
	GlobalSection(SolutionProperties) = preSolution
		HideSolutionNode = FALSE
	EndGlobalSection
	GlobalSection(ExtensibilityGlobals) = postSolution
		SolutionGuid = {22FDF998-A122-4688-A034-EDBD2E25EE7C}
	EndGlobalSection
EndGlobal
